
Microsoft Visual Studio Solution File, Format Version 12.00
# Visual Studio Version 17
VisualStudioVersion = 17.4.33122.133
MinimumVisualStudioVersion = 10.0.40219.1
Project("{9A19103F-16F7-4668-BE54-9A1E7A4F7556}") = "Breakout", "Breakout.csproj", "{87C7DE85-53B8-4C8D-8E92-2FD8A775D392}"
EndProject
Global
	GlobalSection(SolutionConfigurationPlatforms) = preSolution
		Debug|Any CPU = Debug|Any CPU
		Release|Any CPU = Release|Any CPU
	EndGlobalSection
	GlobalSection(ProjectConfigurationPlatforms) = postSolution
		{87C7DE85-53B8-4C8D-8E92-2FD8A775D392}.Debug|Any CPU.ActiveCfg = Debug|Any CPU
		{87C7DE85-53B8-4C8D-8E92-2FD8A775D392}.Debug|Any CPU.Build.0 = Debug|Any CPU
		{87C7DE85-53B8-4C8D-8E92-2FD8A775D392}.Release|Any CPU.ActiveCfg = Release|Any CPU
		{87C7DE85-53B8-4C8D-8E92-2FD8A775D392}.Release|Any CPU.Build.0 = Release|Any CPU
	EndGlobalSection
	GlobalSection(SolutionProperties) = preSolution
		HideSolutionNode = FALSE
	EndGlobalSection
	GlobalSection(ExtensibilityGlobals) = postSolution
		SolutionGuid = {E309A0CB-94F1-4703-9DFF-ABBF17233B17}
	EndGlobalSection
EndGlobal
